
Microsoft Visual Studio Solution File, Format Version 12.00
# Visual Studio Version 17
VisualStudioVersion = 17.1.32328.378
MinimumVisualStudioVersion = 10.0.40219.1
Project("{9A19103F-16F7-4668-BE54-9A1E7A4F7556}") = "JenkinsSample", "JenkinsSample\JenkinsSample.csproj", "{DCC3F81B-B1E6-4610-9B03-3E483835ADF4}"
EndProject
Project("{2150E333-8FDC-42A3-9474-1A3956D46DE8}") = "Tests", "Tests", "{B9E0DD30-086E-4053-8DE6-A3376381B510}"
EndProject
Project("{2150E333-8FDC-42A3-9474-1A3956D46DE8}") = "Solution Items", "Solution Items", "{BC3571C2-01E2-409A-8F4C-1F1A6B682343}"
	ProjectSection(SolutionItems) = preProject
		.gitattributes = .gitattributes
		.gitignore = .gitignore
		Configuration.json = Configuration.json
		Jenkinsfile.groovy = Jenkinsfile.groovy
		nuget.config = nuget.config
		README.md = README.md
	EndProjectSection
EndProject
Project("{9A19103F-16F7-4668-BE54-9A1E7A4F7556}") = "JenkinsSample.Tests", "Tests\JenkinsSample.Tests\JenkinsSample.Tests.csproj", "{E7D64D5F-20DF-4CFE-8BE5-91BB3006FC22}"
EndProject
Global
	GlobalSection(SolutionConfigurationPlatforms) = preSolution
		Debug|Any CPU = Debug|Any CPU
		Release|Any CPU = Release|Any CPU
	EndGlobalSection
	GlobalSection(ProjectConfigurationPlatforms) = postSolution
		{DCC3F81B-B1E6-4610-9B03-3E483835ADF4}.Debug|Any CPU.ActiveCfg = Debug|Any CPU
		{DCC3F81B-B1E6-4610-9B03-3E483835ADF4}.Debug|Any CPU.Build.0 = Debug|Any CPU
		{DCC3F81B-B1E6-4610-9B03-3E483835ADF4}.Release|Any CPU.ActiveCfg = Release|Any CPU
		{DCC3F81B-B1E6-4610-9B03-3E483835ADF4}.Release|Any CPU.Build.0 = Release|Any CPU
		{E7D64D5F-20DF-4CFE-8BE5-91BB3006FC22}.Debug|Any CPU.ActiveCfg = Debug|Any CPU
		{E7D64D5F-20DF-4CFE-8BE5-91BB3006FC22}.Debug|Any CPU.Build.0 = Debug|Any CPU
		{E7D64D5F-20DF-4CFE-8BE5-91BB3006FC22}.Release|Any CPU.ActiveCfg = Release|Any CPU
		{E7D64D5F-20DF-4CFE-8BE5-91BB3006FC22}.Release|Any CPU.Build.0 = Release|Any CPU
	EndGlobalSection
	GlobalSection(SolutionProperties) = preSolution
		HideSolutionNode = FALSE
	EndGlobalSection
	GlobalSection(NestedProjects) = preSolution
		{E7D64D5F-20DF-4CFE-8BE5-91BB3006FC22} = {B9E0DD30-086E-4053-8DE6-A3376381B510}
	EndGlobalSection
	GlobalSection(ExtensibilityGlobals) = postSolution
		SolutionGuid = {F0D8C4AD-95E7-4905-B949-EF05F04B4C3B}
	EndGlobalSection
EndGlobal
